
Microsoft Visual Studio Solution File, Format Version 12.00
# Visual Studio Version 17
VisualStudioVersion = 17.9.34616.47
MinimumVisualStudioVersion = 10.0.40219.1
Project("{FAE04EC0-301F-11D3-BF4B-00C04F79EFBC}") = "Undisclosed_Shop", "Undisclosed_Shop.csproj", "{66A2A2AC-305A-4813-BC6F-5825BD222268}"
EndProject
Global
	GlobalSection(SolutionConfigurationPlatforms) = preSolution
		Debug|Any CPU = Debug|Any CPU
		Release|Any CPU = Release|Any CPU
	EndGlobalSection
	GlobalSection(ProjectConfigurationPlatforms) = postSolution
		{66A2A2AC-305A-4813-BC6F-5825BD222268}.Debug|Any CPU.ActiveCfg = Debug|Any CPU
		{66A2A2AC-305A-4813-BC6F-5825BD222268}.Debug|Any CPU.Build.0 = Debug|Any CPU
		{66A2A2AC-305A-4813-BC6F-5825BD222268}.Release|Any CPU.ActiveCfg = Release|Any CPU
		{66A2A2AC-305A-4813-BC6F-5825BD222268}.Release|Any CPU.Build.0 = Release|Any CPU
	EndGlobalSection
	GlobalSection(SolutionProperties) = preSolution
		HideSolutionNode = FALSE
	EndGlobalSection
	GlobalSection(ExtensibilityGlobals) = postSolution
		SolutionGuid = {7B3D395F-008C-44E1-9C8F-CC938E90AC05}
	EndGlobalSection
EndGlobal
